
Microsoft Visual Studio Solution File, Format Version 12.00
# Visual Studio Version 16
VisualStudioVersion = 16.0.32413.511
MinimumVisualStudioVersion = 10.0.40219.1
Project("{8BC9CEB8-8B4A-11D0-8D11-00A0C91BC942}") = "ConsoleApplication1", "ConsoleApplication1\ConsoleApplication1.vcxproj", "{AAD55630-BDD2-4675-BAE4-D6E3FCA68704}"
EndProject
Global
	GlobalSection(SolutionConfigurationPlatforms) = preSolution
		Debug|x64 = Debug|x64
		Debug|x86 = Debug|x86
		Release|x64 = Release|x64
		Release|x86 = Release|x86
	EndGlobalSection
	GlobalSection(ProjectConfigurationPlatforms) = postSolution
		{AAD55630-BDD2-4675-BAE4-D6E3FCA68704}.Debug|x64.ActiveCfg = Debug|x64
		{AAD55630-BDD2-4675-BAE4-D6E3FCA68704}.Debug|x64.Build.0 = Debug|x64
		{AAD55630-BDD2-4675-BAE4-D6E3FCA68704}.Debug|x86.ActiveCfg = Debug|Win32
		{AAD55630-BDD2-4675-BAE4-D6E3FCA68704}.Debug|x86.Build.0 = Debug|Win32
		{AAD55630-BDD2-4675-BAE4-D6E3FCA68704}.Release|x64.ActiveCfg = Release|x64
		{AAD55630-BDD2-4675-BAE4-D6E3FCA68704}.Release|x64.Build.0 = Release|x64
		{AAD55630-BDD2-4675-BAE4-D6E3FCA68704}.Release|x86.ActiveCfg = Release|Win32
		{AAD55630-BDD2-4675-BAE4-D6E3FCA68704}.Release|x86.Build.0 = Release|Win32
	EndGlobalSection
	GlobalSection(SolutionProperties) = preSolution
		HideSolutionNode = FALSE
	EndGlobalSection
	GlobalSection(ExtensibilityGlobals) = postSolution
		SolutionGuid = {F567C709-E43B-49D0-A7EC-4D6B1FF71BFB}
	EndGlobalSection
EndGlobal
